
Microsoft Visual Studio Solution File, Format Version 12.00
# Visual Studio Version 16
VisualStudioVersion = 16.0.29920.165
MinimumVisualStudioVersion = 10.0.40219.1
Project("{FAE04EC0-301F-11D3-BF4B-00C04F79EFBC}") = "Servidor", "Servidor.csproj", "{BDA37A90-B197-45D7-8E65-E00B26BEBB8E}"
EndProject
Project("{FAE04EC0-301F-11D3-BF4B-00C04F79EFBC}") = "Cliente", "..\Cliente\Cliente.csproj", "{047E5934-A42C-43C1-A2AE-3EFCF1D2F4BE}"
EndProject
Project("{FAE04EC0-301F-11D3-BF4B-00C04F79EFBC}") = "Main", "..\Main\Main.csproj", "{719D93F2-D559-4599-BD0F-CEA0C592A93D}"
EndProject
Project("{FAE04EC0-301F-11D3-BF4B-00C04F79EFBC}") = "Libreria", "..\Libreria\Libreria.csproj", "{479F2B55-4E73-481D-94D9-0C3B5B1AF544}"
EndProject
Project("{2150E333-8FDC-42A3-9474-1A3956D46DE8}") = "Solution Items", "Solution Items", "{6171DFDC-F6CE-45BD-B38C-8EDB0D50A2A8}"
	ProjectSection(SolutionItems) = preProject
		basededatos.sql = basededatos.sql
	EndProjectSection
EndProject
Global
	GlobalSection(SolutionConfigurationPlatforms) = preSolution
		Debug|Any CPU = Debug|Any CPU
		Release|Any CPU = Release|Any CPU
	EndGlobalSection
	GlobalSection(ProjectConfigurationPlatforms) = postSolution
		{BDA37A90-B197-45D7-8E65-E00B26BEBB8E}.Debug|Any CPU.ActiveCfg = Debug|Any CPU
		{BDA37A90-B197-45D7-8E65-E00B26BEBB8E}.Debug|Any CPU.Build.0 = Debug|Any CPU
		{BDA37A90-B197-45D7-8E65-E00B26BEBB8E}.Release|Any CPU.ActiveCfg = Release|Any CPU
		{BDA37A90-B197-45D7-8E65-E00B26BEBB8E}.Release|Any CPU.Build.0 = Release|Any CPU
		{047E5934-A42C-43C1-A2AE-3EFCF1D2F4BE}.Debug|Any CPU.ActiveCfg = Debug|Any CPU
		{047E5934-A42C-43C1-A2AE-3EFCF1D2F4BE}.Debug|Any CPU.Build.0 = Debug|Any CPU
		{047E5934-A42C-43C1-A2AE-3EFCF1D2F4BE}.Release|Any CPU.ActiveCfg = Release|Any CPU
		{047E5934-A42C-43C1-A2AE-3EFCF1D2F4BE}.Release|Any CPU.Build.0 = Release|Any CPU
		{719D93F2-D559-4599-BD0F-CEA0C592A93D}.Debug|Any CPU.ActiveCfg = Debug|Any CPU
		{719D93F2-D559-4599-BD0F-CEA0C592A93D}.Debug|Any CPU.Build.0 = Debug|Any CPU
		{719D93F2-D559-4599-BD0F-CEA0C592A93D}.Release|Any CPU.ActiveCfg = Release|Any CPU
		{719D93F2-D559-4599-BD0F-CEA0C592A93D}.Release|Any CPU.Build.0 = Release|Any CPU
		{479F2B55-4E73-481D-94D9-0C3B5B1AF544}.Debug|Any CPU.ActiveCfg = Debug|Any CPU
		{479F2B55-4E73-481D-94D9-0C3B5B1AF544}.Debug|Any CPU.Build.0 = Debug|Any CPU
		{479F2B55-4E73-481D-94D9-0C3B5B1AF544}.Release|Any CPU.ActiveCfg = Release|Any CPU
		{479F2B55-4E73-481D-94D9-0C3B5B1AF544}.Release|Any CPU.Build.0 = Release|Any CPU
	EndGlobalSection
	GlobalSection(SolutionProperties) = preSolution
		HideSolutionNode = FALSE
	EndGlobalSection
	GlobalSection(ExtensibilityGlobals) = postSolution
		SolutionGuid = {0F13C5A9-492D-4806-BDC5-D22640420144}
	EndGlobalSection
EndGlobal
