
Microsoft Visual Studio Solution File, Format Version 12.00
# Visual Studio Version 16
VisualStudioVersion = 16.0.29920.165
MinimumVisualStudioVersion = 10.0.40219.1
Project("{FAE04EC0-301F-11D3-BF4B-00C04F79EFBC}") = "Cliente", "Cliente\Cliente.csproj", "{047E5934-A42C-43C1-A2AE-3EFCF1D2F4BE}"
EndProject
Project("{FAE04EC0-301F-11D3-BF4B-00C04F79EFBC}") = "Libreria", "Libreria\Libreria.csproj", "{479F2B55-4E73-481D-94D9-0C3B5B1AF544}"
EndProject
Project("{FAE04EC0-301F-11D3-BF4B-00C04F79EFBC}") = "Servidor", "Servidor.csproj", "{BDA37A90-B197-45D7-8E65-E00B26BEBB8E}"
EndProject
Project("{FAE04EC0-301F-11D3-BF4B-00C04F79EFBC}") = "Main", "Main\Main.csproj", "{5DC8BDF2-335C-4B7D-A1FA-5B423B758461}"
EndProject
Global
	GlobalSection(SolutionConfigurationPlatforms) = preSolution
		Debug|Any CPU = Debug|Any CPU
		Release|Any CPU = Release|Any CPU
	EndGlobalSection
	GlobalSection(ProjectConfigurationPlatforms) = postSolution
		{047E5934-A42C-43C1-A2AE-3EFCF1D2F4BE}.Debug|Any CPU.ActiveCfg = Debug|Any CPU
		{047E5934-A42C-43C1-A2AE-3EFCF1D2F4BE}.Debug|Any CPU.Build.0 = Debug|Any CPU
		{047E5934-A42C-43C1-A2AE-3EFCF1D2F4BE}.Release|Any CPU.ActiveCfg = Release|Any CPU
		{047E5934-A42C-43C1-A2AE-3EFCF1D2F4BE}.Release|Any CPU.Build.0 = Release|Any CPU
		{479F2B55-4E73-481D-94D9-0C3B5B1AF544}.Debug|Any CPU.ActiveCfg = Debug|Any CPU
		{479F2B55-4E73-481D-94D9-0C3B5B1AF544}.Debug|Any CPU.Build.0 = Debug|Any CPU
		{479F2B55-4E73-481D-94D9-0C3B5B1AF544}.Release|Any CPU.ActiveCfg = Release|Any CPU
		{479F2B55-4E73-481D-94D9-0C3B5B1AF544}.Release|Any CPU.Build.0 = Release|Any CPU
		{BDA37A90-B197-45D7-8E65-E00B26BEBB8E}.Debug|Any CPU.ActiveCfg = Debug|Any CPU
		{BDA37A90-B197-45D7-8E65-E00B26BEBB8E}.Debug|Any CPU.Build.0 = Debug|Any CPU
		{BDA37A90-B197-45D7-8E65-E00B26BEBB8E}.Release|Any CPU.ActiveCfg = Release|Any CPU
		{BDA37A90-B197-45D7-8E65-E00B26BEBB8E}.Release|Any CPU.Build.0 = Release|Any CPU
		{5DC8BDF2-335C-4B7D-A1FA-5B423B758461}.Debug|Any CPU.ActiveCfg = Debug|Any CPU
		{5DC8BDF2-335C-4B7D-A1FA-5B423B758461}.Debug|Any CPU.Build.0 = Debug|Any CPU
		{5DC8BDF2-335C-4B7D-A1FA-5B423B758461}.Release|Any CPU.ActiveCfg = Release|Any CPU
		{5DC8BDF2-335C-4B7D-A1FA-5B423B758461}.Release|Any CPU.Build.0 = Release|Any CPU
	EndGlobalSection
	GlobalSection(SolutionProperties) = preSolution
		HideSolutionNode = FALSE
	EndGlobalSection
	GlobalSection(ExtensibilityGlobals) = postSolution
		SolutionGuid = {0F13C5A9-492D-4806-BDC5-D22640420144}
	EndGlobalSection
EndGlobal
